
Microsoft Visual Studio Solution File, Format Version 12.00
# Visual Studio Version 17
VisualStudioVersion = 17.7.34031.279
MinimumVisualStudioVersion = 10.0.40219.1
Project("{FAE04EC0-301F-11D3-BF4B-00C04F79EFBC}") = "QMallSDK", "QMallSDK\QMallSDK.csproj", "{6EF04B86-E9F4-4B48-8203-BA886B657694}"
EndProject
Global
	GlobalSection(SolutionConfigurationPlatforms) = preSolution
		Debug|Any CPU = Debug|Any CPU
		Release|Any CPU = Release|Any CPU
	EndGlobalSection
	GlobalSection(ProjectConfigurationPlatforms) = postSolution
		{6EF04B86-E9F4-4B48-8203-BA886B657694}.Debug|Any CPU.ActiveCfg = Debug|Any CPU
		{6EF04B86-E9F4-4B48-8203-BA886B657694}.Debug|Any CPU.Build.0 = Debug|Any CPU
		{6EF04B86-E9F4-4B48-8203-BA886B657694}.Release|Any CPU.ActiveCfg = Release|Any CPU
		{6EF04B86-E9F4-4B48-8203-BA886B657694}.Release|Any CPU.Build.0 = Release|Any CPU
	EndGlobalSection
	GlobalSection(SolutionProperties) = preSolution
		HideSolutionNode = FALSE
	EndGlobalSection
	GlobalSection(ExtensibilityGlobals) = postSolution
		SolutionGuid = {F59827E3-1C34-45EA-90AD-93F1AF629348}
	EndGlobalSection
EndGlobal
